
Microsoft Visual Studio Solution File, Format Version 12.00
# Visual Studio Version 17
VisualStudioVersion = 17.8.34511.84
MinimumVisualStudioVersion = 10.0.40219.1
Project("{FAE04EC0-301F-11D3-BF4B-00C04F79EFBC}") = "E2D", "E2D\E2D.csproj", "{295E6B0F-F390-409C-ABC1-740E233E73CF}"
EndProject
Global
	GlobalSection(SolutionConfigurationPlatforms) = preSolution
		Debug|Any CPU = Debug|Any CPU
		Release|Any CPU = Release|Any CPU
	EndGlobalSection
	GlobalSection(ProjectConfigurationPlatforms) = postSolution
		{295E6B0F-F390-409C-ABC1-740E233E73CF}.Debug|Any CPU.ActiveCfg = Debug|Any CPU
		{295E6B0F-F390-409C-ABC1-740E233E73CF}.Debug|Any CPU.Build.0 = Debug|Any CPU
		{295E6B0F-F390-409C-ABC1-740E233E73CF}.Release|Any CPU.ActiveCfg = Release|Any CPU
		{295E6B0F-F390-409C-ABC1-740E233E73CF}.Release|Any CPU.Build.0 = Release|Any CPU
	EndGlobalSection
	GlobalSection(SolutionProperties) = preSolution
		HideSolutionNode = FALSE
	EndGlobalSection
	GlobalSection(ExtensibilityGlobals) = postSolution
		SolutionGuid = {79E27F06-821E-463C-870C-6568D80719E2}
	EndGlobalSection
EndGlobal
